# generated by rye
# use `rye lock` or `rye sync` to update this lockfile
#
# last locked with the following flags:
#   pre: false
#   features: []
#   all-features: false
#   with-sources: false
#   generate-hashes: false
#   universal: false

-e file:.
certifi==2024.7.4
    # via requests
charset-normalizer==3.3.2
    # via requests
click==8.1.7
    # via youtube-comment-downloader
dateparser==1.2.0
    # via youtube-comment-downloader
idna==3.7
    # via requests
iniconfig==2.0.0
    # via pytest
packaging==24.1
    # via pytest
pluggy==1.5.0
    # via pytest
py-cpuinfo==9.0.0
    # via pytest-benchmark
pytest==8.2.2
    # via pytest-benchmark
pytest-benchmark==4.0.0
python-dateutil==2.9.0.post0
    # via dateparser
pytz==2024.1
    # via dateparser
regex==2024.5.15
    # via dateparser
requests==2.32.3
    # via youtube-comment-downloader
six==1.16.0
    # via python-dateutil
tzlocal==5.2
    # via dateparser
urllib3==2.2.2
    # via requests
